
Microsoft Visual Studio Solution File, Format Version 12.00
# Visual Studio 2013
VisualStudioVersion = 12.0.21005.1
MinimumVisualStudioVersion = 10.0.40219.1
Project("{FAE04EC0-301F-11D3-BF4B-00C04F79EFBC}") = "HashLib", "HashLib\HashLib.csproj", "{31880FB6-5B86-42B8-AB92-864045B5D7A2}"
EndProject
Project("{FAE04EC0-301F-11D3-BF4B-00C04F79EFBC}") = "HashLibOutputDataGenerator", "HashLibOutputDataGenerator\HashLibOutputDataGenerator.csproj", "{7BE00CC7-C744-4ADF-9313-B7543AFFA25E}"
EndProject
Project("{FAE04EC0-301F-11D3-BF4B-00C04F79EFBC}") = "HashLibQualityTest", "HashLibQualityTest\HashLibQualityTest.csproj", "{7C3D36E1-4282-4E5A-B762-BFC9059E0ACE}"
EndProject
Project("{FAE04EC0-301F-11D3-BF4B-00C04F79EFBC}") = "HashLibTest", "HashLibTest\HashLibTest.csproj", "{F38139F9-CCB4-4A02-A752-B4FC3D1A81D3}"
EndProject
Project("{FAE04EC0-301F-11D3-BF4B-00C04F79EFBC}") = "Examples", "Examples\Examples.csproj", "{BB39289A-4F27-419F-AB92-C266A4DAD4A8}"
EndProject
Project("{8BC9CEB8-8B4A-11D0-8D11-00A0C91BC942}") = "RDTSCLib", "RDTSCLib\RDTSCLib.vcxproj", "{67B99BBA-44E9-4584-A303-34B782C80D4C}"
EndProject
Project("{8BC9CEB8-8B4A-11D0-8D11-00A0C91BC942}") = "CLRTest", "CLRTest\CLRTest.vcxproj", "{DDE8B849-81B3-4878-A0F8-3E5FB5CB22A9}"
EndProject
Project("{8BC9CEB8-8B4A-11D0-8D11-00A0C91BC942}") = "MFCTest", "MFCTest\MFCTest.vcxproj", "{7B0F3D01-3BDD-405A-B4CA-6272BBA233DA}"
EndProject
Project("{FAE04EC0-301F-11D3-BF4B-00C04F79EFBC}") = "TomanuExtensions", "TomanuExtensions\TomanuExtensions.csproj", "{4653B49E-D5A5-43B7-8CED-160E7BC09917}"
EndProject
Global
	GlobalSection(SolutionConfigurationPlatforms) = preSolution
		Debug|Any CPU = Debug|Any CPU
		Debug|Win32 = Debug|Win32
		Debug|x64 = Debug|x64
		Debug|x86 = Debug|x86
		Release|Any CPU = Release|Any CPU
		Release|Win32 = Release|Win32
		Release|x64 = Release|x64
		Release|x86 = Release|x86
	EndGlobalSection
	GlobalSection(ProjectConfigurationPlatforms) = postSolution
		{31880FB6-5B86-42B8-AB92-864045B5D7A2}.Debug|Any CPU.ActiveCfg = Debug|Any CPU
		{31880FB6-5B86-42B8-AB92-864045B5D7A2}.Debug|Any CPU.Build.0 = Debug|Any CPU
		{31880FB6-5B86-42B8-AB92-864045B5D7A2}.Debug|Win32.ActiveCfg = Debug|x86
		{31880FB6-5B86-42B8-AB92-864045B5D7A2}.Debug|Win32.Build.0 = Debug|x86
		{31880FB6-5B86-42B8-AB92-864045B5D7A2}.Debug|x64.ActiveCfg = Debug|x64
		{31880FB6-5B86-42B8-AB92-864045B5D7A2}.Debug|x64.Build.0 = Debug|x64
		{31880FB6-5B86-42B8-AB92-864045B5D7A2}.Debug|x86.ActiveCfg = Debug|x86
		{31880FB6-5B86-42B8-AB92-864045B5D7A2}.Debug|x86.Build.0 = Debug|x86
		{31880FB6-5B86-42B8-AB92-864045B5D7A2}.Release|Any CPU.ActiveCfg = Release|Any CPU
		{31880FB6-5B86-42B8-AB92-864045B5D7A2}.Release|Any CPU.Build.0 = Release|Any CPU
		{31880FB6-5B86-42B8-AB92-864045B5D7A2}.Release|Win32.ActiveCfg = Release|x86
		{31880FB6-5B86-42B8-AB92-864045B5D7A2}.Release|Win32.Build.0 = Release|x86
		{31880FB6-5B86-42B8-AB92-864045B5D7A2}.Release|x64.ActiveCfg = Release|x64
		{31880FB6-5B86-42B8-AB92-864045B5D7A2}.Release|x64.Build.0 = Release|x64
		{31880FB6-5B86-42B8-AB92-864045B5D7A2}.Release|x86.ActiveCfg = Release|x86
		{31880FB6-5B86-42B8-AB92-864045B5D7A2}.Release|x86.Build.0 = Release|x86
		{7BE00CC7-C744-4ADF-9313-B7543AFFA25E}.Debug|Any CPU.ActiveCfg = Debug|Any CPU
		{7BE00CC7-C744-4ADF-9313-B7543AFFA25E}.Debug|Any CPU.Build.0 = Debug|Any CPU
		{7BE00CC7-C744-4ADF-9313-B7543AFFA25E}.Debug|Win32.ActiveCfg = Debug|x86
		{7BE00CC7-C744-4ADF-9313-B7543AFFA25E}.Debug|Win32.Build.0 = Debug|x86
		{7BE00CC7-C744-4ADF-9313-B7543AFFA25E}.Debug|x64.ActiveCfg = Debug|x64
		{7BE00CC7-C744-4ADF-9313-B7543AFFA25E}.Debug|x64.Build.0 = Debug|x64
		{7BE00CC7-C744-4ADF-9313-B7543AFFA25E}.Debug|x86.ActiveCfg = Debug|x86
		{7BE00CC7-C744-4ADF-9313-B7543AFFA25E}.Debug|x86.Build.0 = Debug|x86
		{7BE00CC7-C744-4ADF-9313-B7543AFFA25E}.Release|Any CPU.ActiveCfg = Release|Any CPU
		{7BE00CC7-C744-4ADF-9313-B7543AFFA25E}.Release|Any CPU.Build.0 = Release|Any CPU
		{7BE00CC7-C744-4ADF-9313-B7543AFFA25E}.Release|Win32.ActiveCfg = Release|x86
		{7BE00CC7-C744-4ADF-9313-B7543AFFA25E}.Release|Win32.Build.0 = Release|x86
		{7BE00CC7-C744-4ADF-9313-B7543AFFA25E}.Release|x64.ActiveCfg = Release|x64
		{7BE00CC7-C744-4ADF-9313-B7543AFFA25E}.Release|x64.Build.0 = Release|x64
		{7BE00CC7-C744-4ADF-9313-B7543AFFA25E}.Release|x86.ActiveCfg = Release|x86
		{7BE00CC7-C744-4ADF-9313-B7543AFFA25E}.Release|x86.Build.0 = Release|x86
		{7C3D36E1-4282-4E5A-B762-BFC9059E0ACE}.Debug|Any CPU.ActiveCfg = Debug|x86
		{7C3D36E1-4282-4E5A-B762-BFC9059E0ACE}.Debug|Any CPU.Build.0 = Debug|x86
		{7C3D36E1-4282-4E5A-B762-BFC9059E0ACE}.Debug|Win32.ActiveCfg = Debug|x86
		{7C3D36E1-4282-4E5A-B762-BFC9059E0ACE}.Debug|Win32.Build.0 = Debug|x86
		{7C3D36E1-4282-4E5A-B762-BFC9059E0ACE}.Debug|x64.ActiveCfg = Debug|x64
		{7C3D36E1-4282-4E5A-B762-BFC9059E0ACE}.Debug|x64.Build.0 = Debug|x64
		{7C3D36E1-4282-4E5A-B762-BFC9059E0ACE}.Debug|x86.ActiveCfg = Debug|x86
		{7C3D36E1-4282-4E5A-B762-BFC9059E0ACE}.Debug|x86.Build.0 = Debug|x86
		{7C3D36E1-4282-4E5A-B762-BFC9059E0ACE}.Release|Any CPU.ActiveCfg = Release|x86
		{7C3D36E1-4282-4E5A-B762-BFC9059E0ACE}.Release|Any CPU.Build.0 = Release|x86
		{7C3D36E1-4282-4E5A-B762-BFC9059E0ACE}.Release|Win32.ActiveCfg = Release|x86
		{7C3D36E1-4282-4E5A-B762-BFC9059E0ACE}.Release|Win32.Build.0 = Release|x86
		{7C3D36E1-4282-4E5A-B762-BFC9059E0ACE}.Release|x64.ActiveCfg = Release|x64
		{7C3D36E1-4282-4E5A-B762-BFC9059E0ACE}.Release|x64.Build.0 = Release|x64
		{7C3D36E1-4282-4E5A-B762-BFC9059E0ACE}.Release|x86.ActiveCfg = Release|x86
		{7C3D36E1-4282-4E5A-B762-BFC9059E0ACE}.Release|x86.Build.0 = Release|x86
		{F38139F9-CCB4-4A02-A752-B4FC3D1A81D3}.Debug|Any CPU.ActiveCfg = Debug|Any CPU
		{F38139F9-CCB4-4A02-A752-B4FC3D1A81D3}.Debug|Any CPU.Build.0 = Debug|Any CPU
		{F38139F9-CCB4-4A02-A752-B4FC3D1A81D3}.Debug|Win32.ActiveCfg = Debug|x86
		{F38139F9-CCB4-4A02-A752-B4FC3D1A81D3}.Debug|Win32.Build.0 = Debug|x86
		{F38139F9-CCB4-4A02-A752-B4FC3D1A81D3}.Debug|x64.ActiveCfg = Debug|x64
		{F38139F9-CCB4-4A02-A752-B4FC3D1A81D3}.Debug|x64.Build.0 = Debug|x64
		{F38139F9-CCB4-4A02-A752-B4FC3D1A81D3}.Debug|x86.ActiveCfg = Debug|x86
		{F38139F9-CCB4-4A02-A752-B4FC3D1A81D3}.Debug|x86.Build.0 = Debug|x86
		{F38139F9-CCB4-4A02-A752-B4FC3D1A81D3}.Release|Any CPU.ActiveCfg = Release|Any CPU
		{F38139F9-CCB4-4A02-A752-B4FC3D1A81D3}.Release|Any CPU.Build.0 = Release|Any CPU
		{F38139F9-CCB4-4A02-A752-B4FC3D1A81D3}.Release|Win32.ActiveCfg = Release|x86
		{F38139F9-CCB4-4A02-A752-B4FC3D1A81D3}.Release|Win32.Build.0 = Release|x86
		{F38139F9-CCB4-4A02-A752-B4FC3D1A81D3}.Release|x64.ActiveCfg = Release|x64
		{F38139F9-CCB4-4A02-A752-B4FC3D1A81D3}.Release|x64.Build.0 = Release|x64
		{F38139F9-CCB4-4A02-A752-B4FC3D1A81D3}.Release|x86.ActiveCfg = Release|x86
		{F38139F9-CCB4-4A02-A752-B4FC3D1A81D3}.Release|x86.Build.0 = Release|x86
		{BB39289A-4F27-419F-AB92-C266A4DAD4A8}.Debug|Any CPU.ActiveCfg = Debug|Any CPU
		{BB39289A-4F27-419F-AB92-C266A4DAD4A8}.Debug|Any CPU.Build.0 = Debug|Any CPU
		{BB39289A-4F27-419F-AB92-C266A4DAD4A8}.Debug|Win32.ActiveCfg = Debug|x86
		{BB39289A-4F27-419F-AB92-C266A4DAD4A8}.Debug|Win32.Build.0 = Debug|x86
		{BB39289A-4F27-419F-AB92-C266A4DAD4A8}.Debug|x64.ActiveCfg = Debug|x64
		{BB39289A-4F27-419F-AB92-C266A4DAD4A8}.Debug|x64.Build.0 = Debug|x64
		{BB39289A-4F27-419F-AB92-C266A4DAD4A8}.Debug|x86.ActiveCfg = Debug|x86
		{BB39289A-4F27-419F-AB92-C266A4DAD4A8}.Debug|x86.Build.0 = Debug|x86
		{BB39289A-4F27-419F-AB92-C266A4DAD4A8}.Release|Any CPU.ActiveCfg = Release|Any CPU
		{BB39289A-4F27-419F-AB92-C266A4DAD4A8}.Release|Any CPU.Build.0 = Release|Any CPU
		{BB39289A-4F27-419F-AB92-C266A4DAD4A8}.Release|Win32.ActiveCfg = Release|x86
		{BB39289A-4F27-419F-AB92-C266A4DAD4A8}.Release|Win32.Build.0 = Release|x86
		{BB39289A-4F27-419F-AB92-C266A4DAD4A8}.Release|x64.ActiveCfg = Release|x64
		{BB39289A-4F27-419F-AB92-C266A4DAD4A8}.Release|x64.Build.0 = Release|x64
		{BB39289A-4F27-419F-AB92-C266A4DAD4A8}.Release|x86.ActiveCfg = Release|x86
		{BB39289A-4F27-419F-AB92-C266A4DAD4A8}.Release|x86.Build.0 = Release|x86
		{67B99BBA-44E9-4584-A303-34B782C80D4C}.Debug|Any CPU.ActiveCfg = Debug|Win32
		{67B99BBA-44E9-4584-A303-34B782C80D4C}.Debug|Any CPU.Build.0 = Debug|Win32
		{67B99BBA-44E9-4584-A303-34B782C80D4C}.Debug|Win32.ActiveCfg = Debug|Win32
		{67B99BBA-44E9-4584-A303-34B782C80D4C}.Debug|Win32.Build.0 = Debug|Win32
		{67B99BBA-44E9-4584-A303-34B782C80D4C}.Debug|x64.ActiveCfg = Debug|x64
		{67B99BBA-44E9-4584-A303-34B782C80D4C}.Debug|x64.Build.0 = Debug|x64
		{67B99BBA-44E9-4584-A303-34B782C80D4C}.Debug|x86.ActiveCfg = Debug|Win32
		{67B99BBA-44E9-4584-A303-34B782C80D4C}.Debug|x86.Build.0 = Debug|Win32
		{67B99BBA-44E9-4584-A303-34B782C80D4C}.Release|Any CPU.ActiveCfg = Release|Win32
		{67B99BBA-44E9-4584-A303-34B782C80D4C}.Release|Any CPU.Build.0 = Release|Win32
		{67B99BBA-44E9-4584-A303-34B782C80D4C}.Release|Win32.ActiveCfg = Release|Win32
		{67B99BBA-44E9-4584-A303-34B782C80D4C}.Release|Win32.Build.0 = Release|Win32
		{67B99BBA-44E9-4584-A303-34B782C80D4C}.Release|x64.ActiveCfg = Release|x64
		{67B99BBA-44E9-4584-A303-34B782C80D4C}.Release|x64.Build.0 = Release|x64
		{67B99BBA-44E9-4584-A303-34B782C80D4C}.Release|x86.ActiveCfg = Release|Win32
		{67B99BBA-44E9-4584-A303-34B782C80D4C}.Release|x86.Build.0 = Release|Win32
		{DDE8B849-81B3-4878-A0F8-3E5FB5CB22A9}.Debug|Any CPU.ActiveCfg = Debug|Win32
		{DDE8B849-81B3-4878-A0F8-3E5FB5CB22A9}.Debug|Any CPU.Build.0 = Debug|Win32
		{DDE8B849-81B3-4878-A0F8-3E5FB5CB22A9}.Debug|Win32.ActiveCfg = Debug|Win32
		{DDE8B849-81B3-4878-A0F8-3E5FB5CB22A9}.Debug|Win32.Build.0 = Debug|Win32
		{DDE8B849-81B3-4878-A0F8-3E5FB5CB22A9}.Debug|x64.ActiveCfg = Debug|x64
		{DDE8B849-81B3-4878-A0F8-3E5FB5CB22A9}.Debug|x64.Build.0 = Debug|x64
		{DDE8B849-81B3-4878-A0F8-3E5FB5CB22A9}.Debug|x86.ActiveCfg = Debug|Win32
		{DDE8B849-81B3-4878-A0F8-3E5FB5CB22A9}.Debug|x86.Build.0 = Debug|Win32
		{DDE8B849-81B3-4878-A0F8-3E5FB5CB22A9}.Release|Any CPU.ActiveCfg = Release|Win32
		{DDE8B849-81B3-4878-A0F8-3E5FB5CB22A9}.Release|Any CPU.Build.0 = Release|Win32
		{DDE8B849-81B3-4878-A0F8-3E5FB5CB22A9}.Release|Win32.ActiveCfg = Release|Win32
		{DDE8B849-81B3-4878-A0F8-3E5FB5CB22A9}.Release|Win32.Build.0 = Release|Win32
		{DDE8B849-81B3-4878-A0F8-3E5FB5CB22A9}.Release|x64.ActiveCfg = Release|x64
		{DDE8B849-81B3-4878-A0F8-3E5FB5CB22A9}.Release|x64.Build.0 = Release|x64
		{DDE8B849-81B3-4878-A0F8-3E5FB5CB22A9}.Release|x86.ActiveCfg = Release|Win32
		{DDE8B849-81B3-4878-A0F8-3E5FB5CB22A9}.Release|x86.Build.0 = Release|Win32
		{7B0F3D01-3BDD-405A-B4CA-6272BBA233DA}.Debug|Any CPU.ActiveCfg = Debug|Win32
		{7B0F3D01-3BDD-405A-B4CA-6272BBA233DA}.Debug|Any CPU.Build.0 = Debug|Win32
		{7B0F3D01-3BDD-405A-B4CA-6272BBA233DA}.Debug|Win32.ActiveCfg = Debug|Win32
		{7B0F3D01-3BDD-405A-B4CA-6272BBA233DA}.Debug|Win32.Build.0 = Debug|Win32
		{7B0F3D01-3BDD-405A-B4CA-6272BBA233DA}.Debug|x64.ActiveCfg = Debug|x64
		{7B0F3D01-3BDD-405A-B4CA-6272BBA233DA}.Debug|x64.Build.0 = Debug|x64
		{7B0F3D01-3BDD-405A-B4CA-6272BBA233DA}.Debug|x86.ActiveCfg = Debug|Win32
		{7B0F3D01-3BDD-405A-B4CA-6272BBA233DA}.Debug|x86.Build.0 = Debug|Win32
		{7B0F3D01-3BDD-405A-B4CA-6272BBA233DA}.Release|Any CPU.ActiveCfg = Release|Win32
		{7B0F3D01-3BDD-405A-B4CA-6272BBA233DA}.Release|Any CPU.Build.0 = Release|Win32
		{7B0F3D01-3BDD-405A-B4CA-6272BBA233DA}.Release|Win32.ActiveCfg = Release|Win32
		{7B0F3D01-3BDD-405A-B4CA-6272BBA233DA}.Release|Win32.Build.0 = Release|Win32
		{7B0F3D01-3BDD-405A-B4CA-6272BBA233DA}.Release|x64.ActiveCfg = Release|x64
		{7B0F3D01-3BDD-405A-B4CA-6272BBA233DA}.Release|x64.Build.0 = Release|x64
		{7B0F3D01-3BDD-405A-B4CA-6272BBA233DA}.Release|x86.ActiveCfg = Release|Win32
		{7B0F3D01-3BDD-405A-B4CA-6272BBA233DA}.Release|x86.Build.0 = Release|Win32
		{4653B49E-D5A5-43B7-8CED-160E7BC09917}.Debug|Any CPU.ActiveCfg = Debug|Any CPU
		{4653B49E-D5A5-43B7-8CED-160E7BC09917}.Debug|Any CPU.Build.0 = Debug|Any CPU
		{4653B49E-D5A5-43B7-8CED-160E7BC09917}.Debug|Win32.ActiveCfg = Debug|x86
		{4653B49E-D5A5-43B7-8CED-160E7BC09917}.Debug|Win32.Build.0 = Debug|x86
		{4653B49E-D5A5-43B7-8CED-160E7BC09917}.Debug|x64.ActiveCfg = Debug|x64
		{4653B49E-D5A5-43B7-8CED-160E7BC09917}.Debug|x64.Build.0 = Debug|x64
		{4653B49E-D5A5-43B7-8CED-160E7BC09917}.Debug|x86.ActiveCfg = Debug|x86
		{4653B49E-D5A5-43B7-8CED-160E7BC09917}.Debug|x86.Build.0 = Debug|x86
		{4653B49E-D5A5-43B7-8CED-160E7BC09917}.Release|Any CPU.ActiveCfg = Release|Any CPU
		{4653B49E-D5A5-43B7-8CED-160E7BC09917}.Release|Any CPU.Build.0 = Release|Any CPU
		{4653B49E-D5A5-43B7-8CED-160E7BC09917}.Release|Win32.ActiveCfg = Release|x86
		{4653B49E-D5A5-43B7-8CED-160E7BC09917}.Release|Win32.Build.0 = Release|x86
		{4653B49E-D5A5-43B7-8CED-160E7BC09917}.Release|x64.ActiveCfg = Release|x64
		{4653B49E-D5A5-43B7-8CED-160E7BC09917}.Release|x64.Build.0 = Release|x64
		{4653B49E-D5A5-43B7-8CED-160E7BC09917}.Release|x86.ActiveCfg = Release|x86
		{4653B49E-D5A5-43B7-8CED-160E7BC09917}.Release|x86.Build.0 = Release|x86
	EndGlobalSection
	GlobalSection(SolutionProperties) = preSolution
		HideSolutionNode = FALSE
	EndGlobalSection
EndGlobal
