
Microsoft Visual Studio Solution File, Format Version 12.00
# Visual Studio 15
VisualStudioVersion = 15.0.28307.168
MinimumVisualStudioVersion = 10.0.40219.1
Project("{FAE04EC0-301F-11D3-BF4B-00C04F79EFBC}") = "TripleSecManaged", "TripleSecManaged\TripleSecManaged.csproj", "{ABED045E-4C00-4E0C-A80F-AD9C6302CC79}"
EndProject
Project("{FAE04EC0-301F-11D3-BF4B-00C04F79EFBC}") = "TripleSecTester", "TripleSecTester\TripleSecTester.csproj", "{40F7F446-2784-44BB-9F30-042B72F922E3}"
EndProject
Project("{FAE04EC0-301F-11D3-BF4B-00C04F79EFBC}") = "Chaos.NaCl", "Chaos.NaCl-modified\Chaos.NaCl\Chaos.NaCl.csproj", "{AE28FD14-7985-4707-A963-C94B8597AE50}"
EndProject
Project("{8BC9CEB8-8B4A-11D0-8D11-00A0C91BC942}") = "SHA3Managed", "..\SHA3Managed\SHA3Managed\SHA3Managed.vcxproj", "{E0098D21-0DA5-4CDD-A59E-8730C3F4E668}"
EndProject
Project("{8BC9CEB8-8B4A-11D0-8D11-00A0C91BC942}") = "ScryptManaged", "..\SCryptManaged\ScryptManaged\ScryptManaged.vcxproj", "{2CEBD365-480D-45CC-98A3-62ECA5F843EC}"
EndProject
Global
	GlobalSection(SolutionConfigurationPlatforms) = preSolution
		Debug - KATS|Any CPU = Debug - KATS|Any CPU
		Debug - KATS|x64 = Debug - KATS|x64
		Debug - KATS|x86 = Debug - KATS|x86
		Debug|Any CPU = Debug|Any CPU
		Debug|x64 = Debug|x64
		Debug|x86 = Debug|x86
		Release|Any CPU = Release|Any CPU
		Release|x64 = Release|x64
		Release|x86 = Release|x86
	EndGlobalSection
	GlobalSection(ProjectConfigurationPlatforms) = postSolution
		{ABED045E-4C00-4E0C-A80F-AD9C6302CC79}.Debug - KATS|Any CPU.ActiveCfg = Debug|Any CPU
		{ABED045E-4C00-4E0C-A80F-AD9C6302CC79}.Debug - KATS|Any CPU.Build.0 = Debug|Any CPU
		{ABED045E-4C00-4E0C-A80F-AD9C6302CC79}.Debug - KATS|x64.ActiveCfg = Debug|x64
		{ABED045E-4C00-4E0C-A80F-AD9C6302CC79}.Debug - KATS|x64.Build.0 = Debug|x64
		{ABED045E-4C00-4E0C-A80F-AD9C6302CC79}.Debug - KATS|x86.ActiveCfg = Debug|Any CPU
		{ABED045E-4C00-4E0C-A80F-AD9C6302CC79}.Debug - KATS|x86.Build.0 = Debug|Any CPU
		{ABED045E-4C00-4E0C-A80F-AD9C6302CC79}.Debug|Any CPU.ActiveCfg = Debug|Any CPU
		{ABED045E-4C00-4E0C-A80F-AD9C6302CC79}.Debug|Any CPU.Build.0 = Debug|Any CPU
		{ABED045E-4C00-4E0C-A80F-AD9C6302CC79}.Debug|x64.ActiveCfg = Debug|x64
		{ABED045E-4C00-4E0C-A80F-AD9C6302CC79}.Debug|x64.Build.0 = Debug|x64
		{ABED045E-4C00-4E0C-A80F-AD9C6302CC79}.Debug|x86.ActiveCfg = Debug|Any CPU
		{ABED045E-4C00-4E0C-A80F-AD9C6302CC79}.Release|Any CPU.ActiveCfg = Release|Any CPU
		{ABED045E-4C00-4E0C-A80F-AD9C6302CC79}.Release|Any CPU.Build.0 = Release|Any CPU
		{ABED045E-4C00-4E0C-A80F-AD9C6302CC79}.Release|x64.ActiveCfg = Release|Any CPU
		{ABED045E-4C00-4E0C-A80F-AD9C6302CC79}.Release|x86.ActiveCfg = Release|Any CPU
		{40F7F446-2784-44BB-9F30-042B72F922E3}.Debug - KATS|Any CPU.ActiveCfg = Debug|Any CPU
		{40F7F446-2784-44BB-9F30-042B72F922E3}.Debug - KATS|Any CPU.Build.0 = Debug|Any CPU
		{40F7F446-2784-44BB-9F30-042B72F922E3}.Debug - KATS|x64.ActiveCfg = Debug|x64
		{40F7F446-2784-44BB-9F30-042B72F922E3}.Debug - KATS|x64.Build.0 = Debug|x64
		{40F7F446-2784-44BB-9F30-042B72F922E3}.Debug - KATS|x86.ActiveCfg = Debug|Any CPU
		{40F7F446-2784-44BB-9F30-042B72F922E3}.Debug - KATS|x86.Build.0 = Debug|Any CPU
		{40F7F446-2784-44BB-9F30-042B72F922E3}.Debug|Any CPU.ActiveCfg = Debug|Any CPU
		{40F7F446-2784-44BB-9F30-042B72F922E3}.Debug|Any CPU.Build.0 = Debug|Any CPU
		{40F7F446-2784-44BB-9F30-042B72F922E3}.Debug|x64.ActiveCfg = Debug|x64
		{40F7F446-2784-44BB-9F30-042B72F922E3}.Debug|x64.Build.0 = Debug|x64
		{40F7F446-2784-44BB-9F30-042B72F922E3}.Debug|x86.ActiveCfg = Debug|Any CPU
		{40F7F446-2784-44BB-9F30-042B72F922E3}.Release|Any CPU.ActiveCfg = Release|Any CPU
		{40F7F446-2784-44BB-9F30-042B72F922E3}.Release|Any CPU.Build.0 = Release|Any CPU
		{40F7F446-2784-44BB-9F30-042B72F922E3}.Release|x64.ActiveCfg = Release|Any CPU
		{40F7F446-2784-44BB-9F30-042B72F922E3}.Release|x86.ActiveCfg = Release|Any CPU
		{AE28FD14-7985-4707-A963-C94B8597AE50}.Debug - KATS|Any CPU.ActiveCfg = Debug|Any CPU
		{AE28FD14-7985-4707-A963-C94B8597AE50}.Debug - KATS|Any CPU.Build.0 = Debug|Any CPU
		{AE28FD14-7985-4707-A963-C94B8597AE50}.Debug - KATS|x64.ActiveCfg = Debug|x64
		{AE28FD14-7985-4707-A963-C94B8597AE50}.Debug - KATS|x64.Build.0 = Debug|x64
		{AE28FD14-7985-4707-A963-C94B8597AE50}.Debug - KATS|x86.ActiveCfg = Debug|Any CPU
		{AE28FD14-7985-4707-A963-C94B8597AE50}.Debug - KATS|x86.Build.0 = Debug|Any CPU
		{AE28FD14-7985-4707-A963-C94B8597AE50}.Debug|Any CPU.ActiveCfg = Debug|Any CPU
		{AE28FD14-7985-4707-A963-C94B8597AE50}.Debug|Any CPU.Build.0 = Debug|Any CPU
		{AE28FD14-7985-4707-A963-C94B8597AE50}.Debug|x64.ActiveCfg = Debug|x64
		{AE28FD14-7985-4707-A963-C94B8597AE50}.Debug|x64.Build.0 = Debug|x64
		{AE28FD14-7985-4707-A963-C94B8597AE50}.Debug|x86.ActiveCfg = Debug|Any CPU
		{AE28FD14-7985-4707-A963-C94B8597AE50}.Release|Any CPU.ActiveCfg = Release|Any CPU
		{AE28FD14-7985-4707-A963-C94B8597AE50}.Release|Any CPU.Build.0 = Release|Any CPU
		{AE28FD14-7985-4707-A963-C94B8597AE50}.Release|x64.ActiveCfg = Release|Any CPU
		{AE28FD14-7985-4707-A963-C94B8597AE50}.Release|x86.ActiveCfg = Release|Any CPU
		{E0098D21-0DA5-4CDD-A59E-8730C3F4E668}.Debug - KATS|Any CPU.ActiveCfg = Release|x64
		{E0098D21-0DA5-4CDD-A59E-8730C3F4E668}.Debug - KATS|Any CPU.Build.0 = Release|x64
		{E0098D21-0DA5-4CDD-A59E-8730C3F4E668}.Debug - KATS|x64.ActiveCfg = Debug|x64
		{E0098D21-0DA5-4CDD-A59E-8730C3F4E668}.Debug - KATS|x64.Build.0 = Debug|x64
		{E0098D21-0DA5-4CDD-A59E-8730C3F4E668}.Debug - KATS|x86.ActiveCfg = Debug|Win32
		{E0098D21-0DA5-4CDD-A59E-8730C3F4E668}.Debug - KATS|x86.Build.0 = Debug|Win32
		{E0098D21-0DA5-4CDD-A59E-8730C3F4E668}.Debug|Any CPU.ActiveCfg = Debug|Win32
		{E0098D21-0DA5-4CDD-A59E-8730C3F4E668}.Debug|x64.ActiveCfg = Debug|x64
		{E0098D21-0DA5-4CDD-A59E-8730C3F4E668}.Debug|x64.Build.0 = Debug|x64
		{E0098D21-0DA5-4CDD-A59E-8730C3F4E668}.Debug|x86.ActiveCfg = Debug|Win32
		{E0098D21-0DA5-4CDD-A59E-8730C3F4E668}.Debug|x86.Build.0 = Debug|Win32
		{E0098D21-0DA5-4CDD-A59E-8730C3F4E668}.Release|Any CPU.ActiveCfg = Release|Win32
		{E0098D21-0DA5-4CDD-A59E-8730C3F4E668}.Release|x64.ActiveCfg = Release|x64
		{E0098D21-0DA5-4CDD-A59E-8730C3F4E668}.Release|x64.Build.0 = Release|x64
		{E0098D21-0DA5-4CDD-A59E-8730C3F4E668}.Release|x86.ActiveCfg = Release|Win32
		{E0098D21-0DA5-4CDD-A59E-8730C3F4E668}.Release|x86.Build.0 = Release|Win32
		{2CEBD365-480D-45CC-98A3-62ECA5F843EC}.Debug - KATS|Any CPU.ActiveCfg = Debug - KATS|Win32
		{2CEBD365-480D-45CC-98A3-62ECA5F843EC}.Debug - KATS|x64.ActiveCfg = Debug - KATS|x64
		{2CEBD365-480D-45CC-98A3-62ECA5F843EC}.Debug - KATS|x64.Build.0 = Debug - KATS|x64
		{2CEBD365-480D-45CC-98A3-62ECA5F843EC}.Debug - KATS|x86.ActiveCfg = Debug - KATS|Win32
		{2CEBD365-480D-45CC-98A3-62ECA5F843EC}.Debug - KATS|x86.Build.0 = Debug - KATS|Win32
		{2CEBD365-480D-45CC-98A3-62ECA5F843EC}.Debug|Any CPU.ActiveCfg = Debug|Win32
		{2CEBD365-480D-45CC-98A3-62ECA5F843EC}.Debug|x64.ActiveCfg = Debug|x64
		{2CEBD365-480D-45CC-98A3-62ECA5F843EC}.Debug|x64.Build.0 = Debug|x64
		{2CEBD365-480D-45CC-98A3-62ECA5F843EC}.Debug|x86.ActiveCfg = Debug|Win32
		{2CEBD365-480D-45CC-98A3-62ECA5F843EC}.Debug|x86.Build.0 = Debug|Win32
		{2CEBD365-480D-45CC-98A3-62ECA5F843EC}.Release|Any CPU.ActiveCfg = Release|Win32
		{2CEBD365-480D-45CC-98A3-62ECA5F843EC}.Release|x64.ActiveCfg = Release|x64
		{2CEBD365-480D-45CC-98A3-62ECA5F843EC}.Release|x64.Build.0 = Release|x64
		{2CEBD365-480D-45CC-98A3-62ECA5F843EC}.Release|x86.ActiveCfg = Release|Win32
		{2CEBD365-480D-45CC-98A3-62ECA5F843EC}.Release|x86.Build.0 = Release|Win32
	EndGlobalSection
	GlobalSection(SolutionProperties) = preSolution
		HideSolutionNode = FALSE
	EndGlobalSection
	GlobalSection(ExtensibilityGlobals) = postSolution
		SolutionGuid = {238FEDDE-FCEE-40B2-AA38-008216519DE2}
	EndGlobalSection
EndGlobal
